// !$*UTF8*$!
{
	archiveVersion = 1;
	classes = {
	};
	objectVersion = 48;
	objects = {

/* Begin PBXBuildFile section */
		BFAC192C1FB0710C00529B90 /* AppDelegate.swift in Sources */ = {isa = PBXBuildFile; fileRef = BFAC192B1FB0710C00529B90 /* AppDelegate.swift */; };
		BFAC192E1FB0710C00529B90 /* ViewController.swift in Sources */ = {isa = PBXBuildFile; fileRef = BFAC192D1FB0710C00529B90 /* ViewController.swift */; };
		BFAC19311FB0710C00529B90 /* Main.storyboard in Resources */ = {isa = PBXBuildFile; fileRef = BFAC192F1FB0710C00529B90 /* Main.storyboard */; };
		BFAC19331FB0710C00529B90 /* Assets.xcassets in Resources */ = {isa = PBXBuildFile; fileRef = BFAC19321FB0710C00529B90 /* Assets.xcassets */; };
		BFAC19361FB0710C00529B90 /* LaunchScreen.storyboard in Resources */ = {isa = PBXBuildFile; fileRef = BFAC19341FB0710C00529B90 /* LaunchScreen.storyboard */; };
		BFAC193F1FB0713000529B90 /* NRTabView.swift in Sources */ = {isa = PBXBuildFile; fileRef = BFAC193E1FB0713000529B90 /* NRTabView.swift */; };
/* End PBXBuildFile section */

/* Begin PBXFileReference section */
		BFAC19281FB0710C00529B90 /* NRTabView.app */ = {isa = PBXFileReference; explicitFileType = wrapper.application; includeInIndex = 0; path = NRTabView.app; sourceTree = BUILT_PRODUCTS_DIR; };
		BFAC192B1FB0710C00529B90 /* AppDelegate.swift */ = {isa = PBXFileReference; lastKnownFileType = sourcecode.swift; path = AppDelegate.swift; sourceTree = "<group>"; };
		BFAC192D1FB0710C00529B90 /* ViewController.swift */ = {isa = PBXFileReference; lastKnownFileType = sourcecode.swift; path = ViewController.swift; sourceTree = "<group>"; };
		BFAC19301FB0710C00529B90 /* Base */ = {isa = PBXFileReference; lastKnownFileType = file.storyboard; name = Base; path = Base.lproj/Main.storyboard; sourceTree = "<group>"; };
		BFAC19321FB0710C00529B90 /* Assets.xcassets */ = {isa = PBXFileReference; lastKnownFileType = folder.assetcatalog; path = Assets.xcassets; sourceTree = "<group>"; };
		BFAC19351FB0710C00529B90 /* Base */ = {isa = PBXFileReference; lastKnownFileType = file.storyboard; name = Base; path = Base.lproj/LaunchScreen.storyboard; sourceTree = "<group>"; };
		BFAC19371FB0710C00529B90 /* Info.plist */ = {isa = PBXFileReference; lastKnownFileType = text.plist.xml; path = Info.plist; sourceTree = "<group>"; };
		BFAC193E1FB0713000529B90 /* NRTabView.swift */ = {isa = PBXFileReference; fileEncoding = 4; lastKnownFileType = sourcecode.swift; path = NRTabView.swift; sourceTree = "<group>"; };
/* End PBXFileReference section */

/* Begin PBXFrameworksBuildPhase section */
		BFAC19251FB0710C00529B90 /* Frameworks */ = {
			isa = PBXFrameworksBuildPhase;
			buildActionMask = 2147483647;
			files = (
			);
			runOnlyForDeploymentPostprocessing = 0;
		};
/* End PBXFrameworksBuildPhase section */

/* Begin PBXGroup section */
		BFAC191F1FB0710C00529B90 = {
			isa = PBXGroup;
			children = (
				BFAC192A1FB0710C00529B90 /* NRTabView */,
				BFAC19291FB0710C00529B90 /* Products */,
			);
			sourceTree = "<group>";
		};
		BFAC19291FB0710C00529B90 /* Products */ = {
			isa = PBXGroup;
			children = (
				BFAC19281FB0710C00529B90 /* NRTabView.app */,
			);
			name = Products;
			sourceTree = "<group>";
		};
		BFAC192A1FB0710C00529B90 /* NRTabView */ = {
			isa = PBXGroup;
			children = (
				BFAC193D1FB0711F00529B90 /* NRTabView */,
				BFAC192B1FB0710C00529B90 /* AppDelegate.swift */,
				BFAC192D1FB0710C00529B90 /* ViewController.swift */,
				BFAC192F1FB0710C00529B90 /* Main.storyboard */,
				BFAC19321FB0710C00529B90 /* Assets.xcassets */,
				BFAC19341FB0710C00529B90 /* LaunchScreen.storyboard */,
				BFAC19371FB0710C00529B90 /* Info.plist */,
			);
			path = NRTabView;
			sourceTree = "<group>";
		};
		BFAC193D1FB0711F00529B90 /* NRTabView */ = {
			isa = PBXGroup;
			children = (
				BFAC193E1FB0713000529B90 /* NRTabView.swift */,
			);
			path = NRTabView;
			sourceTree = "<group>";
		};
/* End PBXGroup section */

/* Begin PBXNativeTarget section */
		BFAC19271FB0710C00529B90 /* NRTabView */ = {
			isa = PBXNativeTarget;
			buildConfigurationList = BFAC193A1FB0710C00529B90 /* Build configuration list for PBXNativeTarget "NRTabView" */;
			buildPhases = (
				BFAC19241FB0710C00529B90 /* Sources */,
				BFAC19251FB0710C00529B90 /* Frameworks */,
				BFAC19261FB0710C00529B90 /* Resources */,
			);
			buildRules = (
			);
			dependencies = (
			);
			name = NRTabView;
			productName = NRTabView;
			productReference = BFAC19281FB0710C00529B90 /* NRTabView.app */;
			productType = "com.apple.product-type.application";
		};
/* End PBXNativeTarget section */

/* Begin PBXProject section */
		BFAC19201FB0710C00529B90 /* Project object */ = {
			isa = PBXProject;
			attributes = {
				LastSwiftUpdateCheck = 0910;
				LastUpgradeCheck = 0910;
				ORGANIZATIONNAME = nabin;
				TargetAttributes = {
					BFAC19271FB0710C00529B90 = {
						CreatedOnToolsVersion = 9.1;
						ProvisioningStyle = Automatic;
					};
				};
			};
			buildConfigurationList = BFAC19231FB0710C00529B90 /* Build configuration list for PBXProject "NRTabView" */;
			compatibilityVersion = "Xcode 8.0";
			developmentRegion = en;
			hasScannedForEncodings = 0;
			knownRegions = (
				en,
				Base,
			);
			mainGroup = BFAC191F1FB0710C00529B90;
			productRefGroup = BFAC19291FB0710C00529B90 /* Products */;
			projectDirPath = "";
			projectRoot = "";
			targets = (
				BFAC19271FB0710C00529B90 /* NRTabView */,
			);
		};
/* End PBXProject section */

/* Begin PBXResourcesBuildPhase section */
		BFAC19261FB0710C00529B90 /* Resources */ = {
			isa = PBXResourcesBuildPhase;
			buildActionMask = 2147483647;
			files = (
				BFAC19361FB0710C00529B90 /* LaunchScreen.storyboard in Resources */,
				BFAC19331FB0710C00529B90 /* Assets.xcassets in Resources */,
				BFAC19311FB0710C00529B90 /* Main.storyboard in Resources */,
			);
			runOnlyForDeploymentPostprocessing = 0;
		};
/* End PBXResourcesBuildPhase section */

/* Begin PBXSourcesBuildPhase section */
		BFAC19241FB0710C00529B90 /* Sources */ = {
			isa = PBXSourcesBuildPhase;
			buildActionMask = 2147483647;
			files = (
				BFAC192E1FB0710C00529B90 /* ViewController.swift in Sources */,
				BFAC192C1FB0710C00529B90 /* AppDelegate.swift in Sources */,
				BFAC193F1FB0713000529B90 /* NRTabView.swift in Sources */,
			);
			runOnlyForDeploymentPostprocessing = 0;
		};
/* End PBXSourcesBuildPhase section */

/* Begin PBXVariantGroup section */
		BFAC192F1FB0710C00529B90 /* Main.storyboard */ = {
			isa = PBXVariantGroup;
			children = (
				BFAC19301FB0710C00529B90 /* Base */,
			);
			name = Main.storyboard;
			sourceTree = "<group>";
		};
		BFAC19341FB0710C00529B90 /* LaunchScreen.storyboard */ = {
			isa = PBXVariantGroup;
			children = (
				BFAC19351FB0710C00529B90 /* Base */,
			);
			name = LaunchScreen.storyboard;
			sourceTree = "<group>";
		};
/* End PBXVariantGroup section */

/* Begin XCBuildConfiguration section */
		BFAC19381FB0710C00529B90 /* Debug */ = {
			isa = XCBuildConfiguration;
			buildSettings = {
				ALWAYS_SEARCH_USER_PATHS = NO;
				CLANG_ANALYZER_NONNULL = YES;
				CLANG_ANALYZER_NUMBER_OBJECT_CONVERSION = YES_AGGRESSIVE;
				CLANG_CXX_LANGUAGE_STANDARD = "gnu++14";
				CLANG_CXX_LIBRARY = "libc++";
				CLANG_ENABLE_MODULES = YES;
				CLANG_ENABLE_OBJC_ARC = YES;
				CLANG_WARN_BLOCK_CAPTURE_AUTORELEASING = YES;
				CLANG_WARN_BOOL_CONVERSION = YES;
				CLANG_WARN_COMMA = YES;
				CLANG_WARN_CONSTANT_CONVERSION = YES;
				CLANG_WARN_DIRECT_OBJC_ISA_USAGE = YES_ERROR;
				CLANG_WARN_DOCUMENTATION_COMMENTS = YES;
				CLANG_WARN_EMPTY_BODY = YES;
				CLANG_WARN_ENUM_CONVERSION = YES;
				CLANG_WARN_INFINITE_RECURSION = YES;
				CLANG_WARN_INT_CONVERSION = YES;
				CLANG_WARN_NON_LITERAL_NULL_CONVERSION = YES;
				CLANG_WARN_OBJC_LITERAL_CONVERSION = YES;
				CLANG_WARN_OBJC_ROOT_CLASS = YES_ERROR;
				CLANG_WARN_RANGE_LOOP_ANALYSIS = YES;
				CLANG_WARN_STRICT_PROTOTYPES = YES;
				CLANG_WARN_SUSPICIOUS_MOVE = YES;
				CLANG_WARN_UNGUARDED_AVAILABILITY = YES_AGGRESSIVE;
				CLANG_WARN_UNREACHABLE_CODE = YES;
				CLANG_WARN__DUPLICATE_METHOD_MATCH = YES;
				CODE_SIGN_IDENTITY = "iPhone Developer";
				COPY_PHASE_STRIP = NO;
				DEBUG_INFORMATION_FORMAT = dwarf;
				ENABLE_STRICT_OBJC_MSGSEND = YES;
				ENABLE_TESTABILITY = YES;
				GCC_C_LANGUAGE_STANDARD = gnu11;
				GCC_DYNAMIC_NO_PIC = NO;
				GCC_NO_COMMON_BLOCKS = YES;
				GCC_OPTIMIZATION_LEVEL = 0;
				GCC_PREPROCESSOR_DEFINITIONS = (
					"DEBUG=1",
					"$(inherited)",
				);
				GCC_WARN_64_TO_32_BIT_CONVERSION = YES;
				GCC_WARN_ABOUT_RETURN_TYPE = YES_ERROR;
				GCC_WARN_UNDECLARED_SELECTOR = YES;
				GCC_WARN_UNINITIALIZED_AUTOS = YES_AGGRESSIVE;
				GCC_WARN_UNUSED_FUNCTION = YES;
				GCC_WARN_UNUSED_VARIABLE = YES;
				IPHONEOS_DEPLOYMENT_TARGET = 11.1;
				MTL_ENABLE_DEBUG_INFO = YES;
				ONLY_ACTIVE_ARCH = YES;
				SDKROOT = iphoneos;
				SWIFT_ACTIVE_COMPILATION_CONDITIONS = DEBUG;
				SWIFT_OPTIMIZATION_LEVEL = "-Onone";
			};
			name = Debug;
		};
		BFAC19391FB0710C00529B90 /* Release */ = {
			isa = XCBuildConfiguration;
			buildSettings = {
				ALWAYS_SEARCH_USER_PATHS = NO;
				CLANG_ANALYZER_NONNULL = YES;
				CLANG_ANALYZER_NUMBER_OBJECT_CONVERSION = YES_AGGRESSIVE;
				CLANG_CXX_LANGUAGE_STANDARD = "gnu++14";
				CLANG_CXX_LIBRARY = "libc++";
				CLANG_ENABLE_MODULES = YES;
				CLANG_ENABLE_OBJC_ARC = YES;
				CLANG_WARN_BLOCK_CAPTURE_AUTORELEASING = YES;
				CLANG_WARN_BOOL_CONVERSION = YES;
				CLANG_WARN_COMMA = YES;
				CLANG_WARN_CONSTANT_CONVERSION = YES;
				CLANG_WARN_DIRECT_OBJC_ISA_USAGE = YES_ERROR;
				CLANG_WARN_DOCUMENTATION_COMMENTS = YES;
				CLANG_WARN_EMPTY_BODY = YES;
				CLANG_WARN_ENUM_CONVERSION = YES;
				CLANG_WARN_INFINITE_RECURSION = YES;
				CLANG_WARN_INT_CONVERSION = YES;
				CLANG_WARN_NON_LITERAL_NULL_CONVERSION = YES;
				CLANG_WARN_OBJC_LITERAL_CONVERSION = YES;
				CLANG_WARN_OBJC_ROOT_CLASS = YES_ERROR;
				CLANG_WARN_RANGE_LOOP_ANALYSIS = YES;
				CLANG_WARN_STRICT_PROTOTYPES = YES;
				CLANG_WARN_SUSPICIOUS_MOVE = YES;
				CLANG_WARN_UNGUARDED_AVAILABILITY = YES_AGGRESSIVE;
				CLANG_WARN_UNREACHABLE_CODE = YES;
				CLANG_WARN__DUPLICATE_METHOD_MATCH = YES;
				CODE_SIGN_IDENTITY = "iPhone Developer";
				COPY_PHASE_STRIP = NO;
				DEBUG_INFORMATION_FORMAT = "dwarf-with-dsym";
				ENABLE_NS_ASSERTIONS = NO;
				ENABLE_STRICT_OBJC_MSGSEND = YES;
				GCC_C_LANGUAGE_STANDARD = gnu11;
				GCC_NO_COMMON_BLOCKS = YES;
				GCC_WARN_64_TO_32_BIT_CONVERSION = YES;
				GCC_WARN_ABOUT_RETURN_TYPE = YES_ERROR;
				GCC_WARN_UNDECLARED_SELECTOR = YES;
				GCC_WARN_UNINITIALIZED_AUTOS = YES_AGGRESSIVE;
				GCC_WARN_UNUSED_FUNCTION = YES;
				GCC_WARN_UNUSED_VARIABLE = YES;
				IPHONEOS_DEPLOYMENT_TARGET = 11.1;
				MTL_ENABLE_DEBUG_INFO = NO;
				SDKROOT = iphoneos;
				SWIFT_OPTIMIZATION_LEVEL = "-Owholemodule";
				VALIDATE_PRODUCT = YES;
			};
			name = Release;
		};
		BFAC193B1FB0710C00529B90 /* Debug */ = {
			isa = XCBuildConfiguration;
			buildSettings = {
				ASSETCATALOG_COMPILER_APPICON_NAME = AppIcon;
				CODE_SIGN_STYLE = Automatic;
				DEVELOPMENT_TEAM = ZZ24DC7M38;
				INFOPLIST_FILE = NRTabView/Info.plist;
				IPHONEOS_DEPLOYMENT_TARGET = 10.0;
				LD_RUNPATH_SEARCH_PATHS = "$(inherited) @executable_path/Frameworks";
				PRODUCT_BUNDLE_IDENTIFIER = com.NAbin.NRTabView;
				PRODUCT_NAME = "$(TARGET_NAME)";
				SWIFT_VERSION = 4.0;
				TARGETED_DEVICE_FAMILY = "1,2";
			};
			name = Debug;
		};
		BFAC193C1FB0710C00529B90 /* Release */ = {
			isa = XCBuildConfiguration;
			buildSettings = {
				ASSETCATALOG_COMPILER_APPICON_NAME = AppIcon;
				CODE_SIGN_STYLE = Automatic;
				DEVELOPMENT_TEAM = ZZ24DC7M38;
				INFOPLIST_FILE = NRTabView/Info.plist;
				IPHONEOS_DEPLOYMENT_TARGET = 10.0;
				LD_RUNPATH_SEARCH_PATHS = "$(inherited) @executable_path/Frameworks";
				PRODUCT_BUNDLE_IDENTIFIER = com.NAbin.NRTabView;
				PRODUCT_NAME = "$(TARGET_NAME)";
				SWIFT_VERSION = 4.0;
				TARGETED_DEVICE_FAMILY = "1,2";
			};
			name = Release;
		};
/* End XCBuildConfiguration section */

/* Begin XCConfigurationList section */
		BFAC19231FB0710C00529B90 /* Build configuration list for PBXProject "NRTabView" */ = {
			isa = XCConfigurationList;
			buildConfigurations = (
				BFAC19381FB0710C00529B90 /* Debug */,
				BFAC19391FB0710C00529B90 /* Release */,
			);
			defaultConfigurationIsVisible = 0;
			defaultConfigurationName = Release;
		};
		BFAC193A1FB0710C00529B90 /* Build configuration list for PBXNativeTarget "NRTabView" */ = {
			isa = XCConfigurationList;
			buildConfigurations = (
				BFAC193B1FB0710C00529B90 /* Debug */,
				BFAC193C1FB0710C00529B90 /* Release */,
			);
			defaultConfigurationIsVisible = 0;
			defaultConfigurationName = Release;
		};
/* End XCConfigurationList section */
	};
	rootObject = BFAC19201FB0710C00529B90 /* Project object */;
}
